
Microsoft Visual Studio Solution File, Format Version 12.00
# Visual Studio Version 17
VisualStudioVersion = 17.11.35327.3
MinimumVisualStudioVersion = 10.0.40219.1
Project("{9A19103F-16F7-4668-BE54-9A1E7A4F7556}") = "ShoppingBasketBackend", "ShoppingBasketBackend.csproj", "{96E82576-B420-491F-89D4-D87A83483528}"
EndProject
Project("{9A19103F-16F7-4668-BE54-9A1E7A4F7556}") = "ShoppingBasketBackend.Tests", "..\Tests\ShoppingBasketBackend.Tests.csproj", "{F9A67542-99EC-49C3-BCD7-95A5F1874095}"
EndProject
Global
	GlobalSection(SolutionConfigurationPlatforms) = preSolution
		Debug|Any CPU = Debug|Any CPU
		Release|Any CPU = Release|Any CPU
	EndGlobalSection
	GlobalSection(ProjectConfigurationPlatforms) = postSolution
		{96E82576-B420-491F-89D4-D87A83483528}.Debug|Any CPU.ActiveCfg = Debug|Any CPU
		{96E82576-B420-491F-89D4-D87A83483528}.Debug|Any CPU.Build.0 = Debug|Any CPU
		{96E82576-B420-491F-89D4-D87A83483528}.Release|Any CPU.ActiveCfg = Release|Any CPU
		{96E82576-B420-491F-89D4-D87A83483528}.Release|Any CPU.Build.0 = Release|Any CPU
		{F9A67542-99EC-49C3-BCD7-95A5F1874095}.Debug|Any CPU.ActiveCfg = Debug|Any CPU
		{F9A67542-99EC-49C3-BCD7-95A5F1874095}.Debug|Any CPU.Build.0 = Debug|Any CPU
		{F9A67542-99EC-49C3-BCD7-95A5F1874095}.Release|Any CPU.ActiveCfg = Release|Any CPU
		{F9A67542-99EC-49C3-BCD7-95A5F1874095}.Release|Any CPU.Build.0 = Release|Any CPU
	EndGlobalSection
	GlobalSection(SolutionProperties) = preSolution
		HideSolutionNode = FALSE
	EndGlobalSection
	GlobalSection(ExtensibilityGlobals) = postSolution
		SolutionGuid = {FA7181A5-6C59-44B8-AA5F-05FFE678F26D}
	EndGlobalSection
EndGlobal
